
Microsoft Visual Studio Solution File, Format Version 12.00
# Visual Studio Version 17
VisualStudioVersion = 17.2.32630.192
MinimumVisualStudioVersion = 10.0.40219.1
Project("{9A19103F-16F7-4668-BE54-9A1E7A4F7556}") = "R5T.L0047.Construction", "R5T.L0047.Construction\R5T.L0047.Construction.csproj", "{38127444-1714-4C8A-98C0-D5F0BD2B86B6}"
EndProject
Project("{9A19103F-16F7-4668-BE54-9A1E7A4F7556}") = "R5T.L0047", "R5T.L0047\R5T.L0047.csproj", "{C6115FE4-1C89-4514-9079-8E659E3321B9}"
EndProject
Project("{9A19103F-16F7-4668-BE54-9A1E7A4F7556}") = "R5T.L0047.T000", "R5T.L0047.T000\R5T.L0047.T000.csproj", "{5FC8762B-7700-4C59-AEDD-98FA5F8ACAA5}"
EndProject
Project("{2150E333-8FDC-42A3-9474-1A3956D46DE8}") = "_Dependencies", "_Dependencies", "{6051B0DD-0D5F-4290-8711-F83FCEEFDF5B}"
EndProject
Project("{9A19103F-16F7-4668-BE54-9A1E7A4F7556}") = "R5T.F0000", "..\..\R5T.F0000\source\R5T.F0000\R5T.F0000.csproj", "{9F914871-10EF-454B-8B3A-ABB468B70D00}"
EndProject
Project("{9A19103F-16F7-4668-BE54-9A1E7A4F7556}") = "R5T.F0002", "..\..\R5T.F0002\source\R5T.F0002\R5T.F0002.csproj", "{46630524-9869-4EC5-A348-E8FC522C9144}"
EndProject
Project("{9A19103F-16F7-4668-BE54-9A1E7A4F7556}") = "R5T.F0120", "..\..\R5T.F0120\source\R5T.F0120\R5T.F0120.csproj", "{E8A93107-1AFE-41EB-A25E-6B8F58E5B41F}"
EndProject
Project("{9A19103F-16F7-4668-BE54-9A1E7A4F7556}") = "R5T.F0124", "..\..\R5T.F0124\source\R5T.F0124\R5T.F0124.csproj", "{D726AA17-8802-4874-91FD-8F61A391FCC8}"
EndProject
Project("{9A19103F-16F7-4668-BE54-9A1E7A4F7556}") = "R5T.F0125", "..\..\R5T.F0125\source\R5T.F0125\R5T.F0125.csproj", "{AF2DCFBE-F516-4A86-999A-AF82EB83FAFA}"
EndProject
Project("{9A19103F-16F7-4668-BE54-9A1E7A4F7556}") = "R5T.L0030.T000", "..\..\R5T.L0030\source\R5T.L0030.T000\R5T.L0030.T000.csproj", "{53C0845D-32E7-425A-8214-16829982F082}"
EndProject
Project("{9A19103F-16F7-4668-BE54-9A1E7A4F7556}") = "R5T.L0030", "..\..\R5T.L0030\source\R5T.L0030\R5T.L0030.csproj", "{40633FA6-AE89-41AC-B59A-926BE3B56C69}"
EndProject
Project("{9A19103F-16F7-4668-BE54-9A1E7A4F7556}") = "R5T.L0034", "..\..\R5T.L0034\source\R5T.L0034\R5T.L0034.csproj", "{A61DD23D-29AD-4E06-8D07-C0BF775DA331}"
EndProject
Project("{9A19103F-16F7-4668-BE54-9A1E7A4F7556}") = "R5T.L0035", "..\..\R5T.L0035\source\R5T.L0035\R5T.L0035.csproj", "{1F03950A-63CC-4993-B647-363B6BCD1C25}"
EndProject
Project("{9A19103F-16F7-4668-BE54-9A1E7A4F7556}") = "R5T.T0131", "..\..\R5T.T0131\source\R5T.T0131\R5T.T0131.csproj", "{87691957-FB76-4AC3-91F5-950F664B4C59}"
EndProject
Project("{9A19103F-16F7-4668-BE54-9A1E7A4F7556}") = "R5T.T0132", "..\..\R5T.T0132\source\R5T.T0132\R5T.T0132.csproj", "{04C5DB9A-2D2A-45BB-85B2-5F101369A2BE}"
EndProject
Project("{9A19103F-16F7-4668-BE54-9A1E7A4F7556}") = "R5T.T0142", "..\..\R5T.T0142\source\R5T.T0142\R5T.T0142.csproj", "{14238072-A225-4403-9DE7-EEF58EED7F52}"
EndProject
Project("{9A19103F-16F7-4668-BE54-9A1E7A4F7556}") = "R5T.T0143", "..\..\R5T.T0143\source\R5T.T0143\R5T.T0143.csproj", "{5A97D29A-6B83-4DDD-8106-3023B8265225}"
EndProject
Project("{9A19103F-16F7-4668-BE54-9A1E7A4F7556}") = "R5T.T0156", "..\..\R5T.T0156\source\R5T.T0156\R5T.T0156.csproj", "{20465217-1F4E-406D-8C0B-FF03A24138EB}"
EndProject
Project("{9A19103F-16F7-4668-BE54-9A1E7A4F7556}") = "R5T.T0174", "..\..\R5T.T0174\source\R5T.T0174\R5T.T0174.csproj", "{B8442AF4-D27A-4471-89A4-ECA1001674BC}"
EndProject
Project("{9A19103F-16F7-4668-BE54-9A1E7A4F7556}") = "R5T.T0176", "..\..\R5T.T0176\source\R5T.T0176\R5T.T0176.csproj", "{62456465-0453-4296-8682-4FCF850B763E}"
EndProject
Project("{9A19103F-16F7-4668-BE54-9A1E7A4F7556}") = "R5T.T0177", "..\..\R5T.T0177\source\R5T.T0177\R5T.T0177.csproj", "{CEDC8B4C-B82A-4E20-8416-7205A5C03628}"
EndProject
Project("{9A19103F-16F7-4668-BE54-9A1E7A4F7556}") = "R5T.T0178", "..\..\R5T.T0178\source\R5T.T0178\R5T.T0178.csproj", "{7ACD1B8F-A5D1-4508-8FD5-A4350769B6C5}"
EndProject
Project("{9A19103F-16F7-4668-BE54-9A1E7A4F7556}") = "R5T.T0179", "..\..\R5T.T0179\source\R5T.T0179\R5T.T0179.csproj", "{EC75B06B-B9F5-4523-A2B5-7973C0E746BB}"
EndProject
Project("{9A19103F-16F7-4668-BE54-9A1E7A4F7556}") = "R5T.T0180", "..\..\R5T.T0180\source\R5T.T0180\R5T.T0180.csproj", "{B2DE210C-A12E-431C-B6B5-1C9A021DA647}"
EndProject
Project("{9A19103F-16F7-4668-BE54-9A1E7A4F7556}") = "R5T.T0181", "..\..\R5T.T0181\source\R5T.T0181\R5T.T0181.csproj", "{4923A79E-83D3-4AC1-B901-D2F0C4C34AEA}"
EndProject
Project("{9A19103F-16F7-4668-BE54-9A1E7A4F7556}") = "R5T.T0185", "..\..\R5T.T0185\source\R5T.T0185\R5T.T0185.csproj", "{BA6CE019-6D56-458C-95B9-F39F8CEE25BA}"
EndProject
Project("{9A19103F-16F7-4668-BE54-9A1E7A4F7556}") = "R5T.Y0000", "..\..\R5T.Y0000\source\R5T.Y0000\R5T.Y0000.csproj", "{DBEB3A62-38E8-4D91-99C3-5264509710D5}"
EndProject
Project("{9A19103F-16F7-4668-BE54-9A1E7A4F7556}") = "R5T.Z0000", "..\..\R5T.Z0000\source\R5T.Z0000\R5T.Z0000.csproj", "{E88889A8-BFE7-4F4E-8E34-49AD11BD94BA}"
EndProject
Project("{9A19103F-16F7-4668-BE54-9A1E7A4F7556}") = "R5T.T0137", "..\..\R5T.T0137\source\R5T.T0137\R5T.T0137.csproj", "{ABA05ADE-CB57-48B3-825E-45E05764C406}"
EndProject
Project("{9A19103F-16F7-4668-BE54-9A1E7A4F7556}") = "R5T.L0042.T000", "..\..\R5T.L0042\source\R5T.L0042.T000\R5T.L0042.T000.csproj", "{9324F7A0-F6BA-45CE-A691-0BA0E325532A}"
EndProject
Project("{9A19103F-16F7-4668-BE54-9A1E7A4F7556}") = "R5T.NG0006", "..\..\R5T.NG0006\source\R5T.NG0006\R5T.NG0006.csproj", "{98052259-489E-49EB-A482-609508AA58CA}"
EndProject
Project("{9A19103F-16F7-4668-BE54-9A1E7A4F7556}") = "R5T.T0158", "..\..\R5T.T0158\source\R5T.T0158\R5T.T0158.csproj", "{DACD7648-153E-47B8-9BD5-672EA06A3EAD}"
EndProject
Project("{9A19103F-16F7-4668-BE54-9A1E7A4F7556}") = "R5T.T0159", "..\..\R5T.T0159\source\R5T.T0159\R5T.T0159.csproj", "{F8F3310E-05D2-4E67-9411-1631F80549B9}"
EndProject
Project("{9A19103F-16F7-4668-BE54-9A1E7A4F7556}") = "R5T.T0184", "..\..\R5T.T0184\source\R5T.T0184\R5T.T0184.csproj", "{935D3289-C1A1-4DB4-9883-75F9F7F958D1}"
EndProject
Project("{9A19103F-16F7-4668-BE54-9A1E7A4F7556}") = "R5T.T0194", "..\..\R5T.T0194\source\R5T.T0194\R5T.T0194.csproj", "{BCC7048E-47F1-4203-9FB4-62CD059A60DA}"
EndProject
Project("{9A19103F-16F7-4668-BE54-9A1E7A4F7556}") = "R5T.T0200", "..\..\R5T.T0200\source\R5T.T0200\R5T.T0200.csproj", "{2D097B92-9A00-4BA1-95F6-E430EDC3AF58}"
EndProject
Project("{9A19103F-16F7-4668-BE54-9A1E7A4F7556}") = "R5T.L0047.F000", "R5T.L0047.F000\R5T.L0047.F000.csproj", "{1AED5399-7359-4704-B26C-32859AA10BA8}"
EndProject
Project("{9A19103F-16F7-4668-BE54-9A1E7A4F7556}") = "R5T.F0019", "..\..\R5T.F0019\source\R5T.F0019\R5T.F0019.csproj", "{2149B91F-A823-40DC-BB1D-9533EF9FEA41}"
EndProject
Project("{9A19103F-16F7-4668-BE54-9A1E7A4F7556}") = "R5T.F0032", "..\..\R5T.F0032\source\R5T.F0032\R5T.F0032.csproj", "{5DDDFE22-3DC1-4457-9827-033BA968FF2E}"
EndProject
Project("{9A19103F-16F7-4668-BE54-9A1E7A4F7556}") = "R5T.F0041", "..\..\R5T.F0041\source\R5T.F0041\R5T.F0041.csproj", "{0ECEA6EA-2891-4A6A-BB35-492BDEEB3293}"
EndProject
Project("{9A19103F-16F7-4668-BE54-9A1E7A4F7556}") = "R5T.F0044", "..\..\R5T.F0044\source\R5T.F0044\R5T.F0044.csproj", "{AF74B26E-D47A-4836-A2A9-30C3CDF3F18F}"
EndProject
Project("{9A19103F-16F7-4668-BE54-9A1E7A4F7556}") = "R5T.F0046", "..\..\R5T.F0046\source\R5T.F0046\R5T.F0046.csproj", "{AB8134BA-AB13-4D42-A4FC-67F30D4A7207}"
EndProject
Project("{9A19103F-16F7-4668-BE54-9A1E7A4F7556}") = "R5T.F0047", "..\..\R5T.F0047\source\R5T.F0047\R5T.F0047.csproj", "{1A54FC97-04D7-4A1F-A1D5-87D1A0885CD3}"
EndProject
Project("{9A19103F-16F7-4668-BE54-9A1E7A4F7556}") = "R5T.F0057", "..\..\R5T.F0057\source\R5T.F0057\R5T.F0057.csproj", "{DC651AF1-1CC6-4182-B372-C589AC358BE6}"
EndProject
Project("{9A19103F-16F7-4668-BE54-9A1E7A4F7556}") = "R5T.L0001.Y000", "..\..\R5T.L0001\source\R5T.L0001.Y000\R5T.L0001.Y000.csproj", "{A8A19586-9E15-4E05-A177-40A2FB8C403A}"
EndProject
Project("{9A19103F-16F7-4668-BE54-9A1E7A4F7556}") = "R5T.L0001.Z000", "..\..\R5T.L0001\source\R5T.L0001.Z000\R5T.L0001.Z000.csproj", "{B45A2B31-9198-4A33-8A3E-D08BE36241A5}"
EndProject
Project("{9A19103F-16F7-4668-BE54-9A1E7A4F7556}") = "R5T.L0001", "..\..\R5T.L0001\source\R5T.L0001\R5T.L0001.csproj", "{4EF6A282-67C4-432E-BF42-57865CEC4BAD}"
EndProject
Project("{9A19103F-16F7-4668-BE54-9A1E7A4F7556}") = "R5T.NG0005", "..\..\R5T.NG0005\source\R5T.NG0005\R5T.NG0005.csproj", "{B791A996-09E1-4A9C-AC94-6DCA8F106556}"
EndProject
Project("{9A19103F-16F7-4668-BE54-9A1E7A4F7556}") = "R5T.NG0008", "..\..\R5T.NG0008\source\R5T.NG0008\R5T.NG0008.csproj", "{A70375A5-10BF-4965-9EEE-37793C611548}"
EndProject
Project("{9A19103F-16F7-4668-BE54-9A1E7A4F7556}") = "R5T.T0046", "..\..\R5T.T0046\source\R5T.T0046\R5T.T0046.csproj", "{31B5410D-3BF2-46EF-9A61-983EB4B17DD0}"
EndProject
Project("{9A19103F-16F7-4668-BE54-9A1E7A4F7556}") = "R5T.T0144", "..\..\R5T.T0144\source\R5T.T0144\R5T.T0144.csproj", "{37EFDAE7-AA77-4FEC-97F7-CBC4E8CBCFA1}"
EndProject
Project("{9A19103F-16F7-4668-BE54-9A1E7A4F7556}") = "R5T.Y0004", "..\..\R5T.Y0004\source\R5T.Y0004\R5T.Y0004.csproj", "{AF31080D-3B85-4F3E-AC3A-BA7990508D0A}"
EndProject
Project("{9A19103F-16F7-4668-BE54-9A1E7A4F7556}") = "R5T.Z0005", "..\..\R5T.Z0005\source\R5T.Z0005\R5T.Z0005.csproj", "{A2A8AA38-ED66-4B1B-917C-E5E25A2A9AA0}"
EndProject
Project("{9A19103F-16F7-4668-BE54-9A1E7A4F7556}") = "R5T.Z0013", "..\..\R5T.Z0013\source\R5T.Z0013\R5T.Z0013.csproj", "{CB9F6695-A97D-490B-9224-187C5E2E4578}"
EndProject
Project("{9A19103F-16F7-4668-BE54-9A1E7A4F7556}") = "R5T.T0186", "..\..\R5T.T0186\source\R5T.T0186\R5T.T0186.csproj", "{08FA1D6F-F2FA-4D20-9367-C7761A028B25}"
EndProject
Project("{9A19103F-16F7-4668-BE54-9A1E7A4F7556}") = "R5T.L0031.T000", "..\..\R5T.L0031\source\R5T.L0031.T000\R5T.L0031.T000.csproj", "{749184FA-718A-4907-952F-B8D8461BD06E}"
EndProject
Project("{9A19103F-16F7-4668-BE54-9A1E7A4F7556}") = "R5T.L0031", "..\..\R5T.L0031\source\R5T.L0031\R5T.L0031.csproj", "{F0C4F4E8-58FE-483E-A8EB-23983E903B5C}"
EndProject
Project("{9A19103F-16F7-4668-BE54-9A1E7A4F7556}") = "R5T.L0047.O001", "R5T.L0047.O001\R5T.L0047.O001.csproj", "{5471DCF8-B895-4D61-936B-02180A87361E}"
EndProject
Project("{9A19103F-16F7-4668-BE54-9A1E7A4F7556}") = "R5T.F0042.F001", "..\..\R5T.F0042\source\R5T.F0042.F001\R5T.F0042.F001.csproj", "{056E7C1F-8833-4BCD-8749-53E10F23804E}"
EndProject
Project("{9A19103F-16F7-4668-BE54-9A1E7A4F7556}") = "R5T.F0042.F002", "..\..\R5T.F0042\source\R5T.F0042.F002\R5T.F0042.F002.csproj", "{A02F9197-C6A1-4E74-B5D0-533D97B8A167}"
EndProject
Project("{9A19103F-16F7-4668-BE54-9A1E7A4F7556}") = "R5T.F0091", "..\..\R5T.F0091\source\R5T.F0091\R5T.F0091.csproj", "{CEAD0955-69CE-4388-8AFB-E34489182DEF}"
EndProject
Project("{9A19103F-16F7-4668-BE54-9A1E7A4F7556}") = "R5T.F0042", "..\..\R5T.F0042\source\R5T.F0042\R5T.F0042.csproj", "{CA02C9D2-FC63-4C04-A474-01EA4816CECF}"
EndProject
Project("{9A19103F-16F7-4668-BE54-9A1E7A4F7556}") = "R5T.T0188", "..\..\R5T.T0188\source\R5T.T0188\R5T.T0188.csproj", "{D71CB76A-21CC-482D-9062-CFE5927A18C6}"
EndProject
Project("{9A19103F-16F7-4668-BE54-9A1E7A4F7556}") = "R5T.Z0036", "..\..\R5T.Z0036\source\R5T.Z0036\R5T.Z0036.csproj", "{ABF07DB6-B526-451A-83A3-F3D6EB5BD3D0}"
EndProject
Project("{9A19103F-16F7-4668-BE54-9A1E7A4F7556}") = "R5T.F0059", "..\..\R5T.F0059\source\R5T.F0059\R5T.F0059.csproj", "{205ABED9-C00A-46F9-9469-16D95916D6FA}"
EndProject
Project("{9A19103F-16F7-4668-BE54-9A1E7A4F7556}") = "R5T.L0039.T000", "..\..\R5T.L0039\source\R5T.L0039.T000\R5T.L0039.T000.csproj", "{1DD5590A-4FC2-4FA6-A5A3-6EE8DAB1257F}"
EndProject
Project("{9A19103F-16F7-4668-BE54-9A1E7A4F7556}") = "R5T.T0150", "..\..\R5T.T0150\source\R5T.T0150\R5T.T0150.csproj", "{32713C72-B45B-43B7-A8AA-A7D98EB81D32}"
EndProject
Project("{9A19103F-16F7-4668-BE54-9A1E7A4F7556}") = "R5T.T0151", "..\..\R5T.T0151\source\R5T.T0151\R5T.T0151.csproj", "{1BC4ECC2-6747-4C34-9DD1-846E2D19111E}"
EndProject
Project("{9A19103F-16F7-4668-BE54-9A1E7A4F7556}") = "R5T.T0172", "..\..\R5T.T0172\source\R5T.T0172\R5T.T0172.csproj", "{804EB1C4-ECEC-4157-BA14-5D820EB4DF40}"
EndProject
Project("{9A19103F-16F7-4668-BE54-9A1E7A4F7556}") = "R5T.T0187", "..\..\R5T.T0187\source\R5T.T0187\R5T.T0187.csproj", "{10A8AAA6-9491-4D4A-B6F8-B0A5F595B2DD}"
EndProject
Project("{9A19103F-16F7-4668-BE54-9A1E7A4F7556}") = "R5T.F0129", "..\..\R5T.F0129\source\R5T.F0129\R5T.F0129.csproj", "{EEBED0C6-9656-4BDB-96E5-757209E3E52A}"
EndProject
Project("{9A19103F-16F7-4668-BE54-9A1E7A4F7556}") = "R5T.F0130", "..\..\R5T.F0130\source\R5T.F0130\R5T.F0130.csproj", "{5FCCAFCA-BAF0-4896-937C-D740B2C8FFFB}"
EndProject
Project("{9A19103F-16F7-4668-BE54-9A1E7A4F7556}") = "R5T.Z0044.Z001", "..\..\R5T.Z0044\source\R5T.Z0044.Z001\R5T.Z0044.Z001.csproj", "{4E99118B-FF76-4E72-9749-1B863AB7B4D6}"
EndProject
Project("{9A19103F-16F7-4668-BE54-9A1E7A4F7556}") = "R5T.T0198", "..\..\R5T.T0198\source\R5T.T0198\R5T.T0198.csproj", "{B65A150A-8834-4CC1-A855-194F5A4A8042}"
EndProject
Project("{9A19103F-16F7-4668-BE54-9A1E7A4F7556}") = "R5T.F0024.T001", "..\..\R5T.F0024\source\R5T.F0024.T001\R5T.F0024.T001.csproj", "{51B46A71-77DE-4F05-BB59-357A54C67616}"
EndProject
Project("{9A19103F-16F7-4668-BE54-9A1E7A4F7556}") = "R5T.F0024", "..\..\R5T.F0024\source\R5T.F0024\R5T.F0024.csproj", "{C7F9C621-4BA3-4F0E-A4BA-E79D1E53970D}"
EndProject
Project("{9A19103F-16F7-4668-BE54-9A1E7A4F7556}") = "R5T.L0039.F000", "..\..\R5T.L0039\source\R5T.L0039.F000\R5T.L0039.F000.csproj", "{EFFDB223-E298-45A9-903A-A5DE8FF05D1F}"
EndProject
Project("{9A19103F-16F7-4668-BE54-9A1E7A4F7556}") = "R5T.L0039.O000", "..\..\R5T.L0039\source\R5T.L0039.O000\R5T.L0039.O000.csproj", "{AA7A5522-C6CA-46F3-83F9-C9B5BE422D97}"
EndProject
Project("{9A19103F-16F7-4668-BE54-9A1E7A4F7556}") = "R5T.Z0009", "..\..\R5T.Z0009\source\R5T.Z0009\R5T.Z0009.csproj", "{D035C699-66E8-45B6-9D1A-FCBDD4BAD65B}"
EndProject
Global
	GlobalSection(NestedProjects) = preSolution
		{9F914871-10EF-454B-8B3A-ABB468B70D00} = {6051B0DD-0D5F-4290-8711-F83FCEEFDF5B}
		{46630524-9869-4EC5-A348-E8FC522C9144} = {6051B0DD-0D5F-4290-8711-F83FCEEFDF5B}
		{E8A93107-1AFE-41EB-A25E-6B8F58E5B41F} = {6051B0DD-0D5F-4290-8711-F83FCEEFDF5B}
		{D726AA17-8802-4874-91FD-8F61A391FCC8} = {6051B0DD-0D5F-4290-8711-F83FCEEFDF5B}
		{AF2DCFBE-F516-4A86-999A-AF82EB83FAFA} = {6051B0DD-0D5F-4290-8711-F83FCEEFDF5B}
		{53C0845D-32E7-425A-8214-16829982F082} = {6051B0DD-0D5F-4290-8711-F83FCEEFDF5B}
		{40633FA6-AE89-41AC-B59A-926BE3B56C69} = {6051B0DD-0D5F-4290-8711-F83FCEEFDF5B}
		{A61DD23D-29AD-4E06-8D07-C0BF775DA331} = {6051B0DD-0D5F-4290-8711-F83FCEEFDF5B}
		{1F03950A-63CC-4993-B647-363B6BCD1C25} = {6051B0DD-0D5F-4290-8711-F83FCEEFDF5B}
		{87691957-FB76-4AC3-91F5-950F664B4C59} = {6051B0DD-0D5F-4290-8711-F83FCEEFDF5B}
		{04C5DB9A-2D2A-45BB-85B2-5F101369A2BE} = {6051B0DD-0D5F-4290-8711-F83FCEEFDF5B}
		{14238072-A225-4403-9DE7-EEF58EED7F52} = {6051B0DD-0D5F-4290-8711-F83FCEEFDF5B}
		{5A97D29A-6B83-4DDD-8106-3023B8265225} = {6051B0DD-0D5F-4290-8711-F83FCEEFDF5B}
		{20465217-1F4E-406D-8C0B-FF03A24138EB} = {6051B0DD-0D5F-4290-8711-F83FCEEFDF5B}
		{B8442AF4-D27A-4471-89A4-ECA1001674BC} = {6051B0DD-0D5F-4290-8711-F83FCEEFDF5B}
		{62456465-0453-4296-8682-4FCF850B763E} = {6051B0DD-0D5F-4290-8711-F83FCEEFDF5B}
		{CEDC8B4C-B82A-4E20-8416-7205A5C03628} = {6051B0DD-0D5F-4290-8711-F83FCEEFDF5B}
		{7ACD1B8F-A5D1-4508-8FD5-A4350769B6C5} = {6051B0DD-0D5F-4290-8711-F83FCEEFDF5B}
		{EC75B06B-B9F5-4523-A2B5-7973C0E746BB} = {6051B0DD-0D5F-4290-8711-F83FCEEFDF5B}
		{B2DE210C-A12E-431C-B6B5-1C9A021DA647} = {6051B0DD-0D5F-4290-8711-F83FCEEFDF5B}
		{4923A79E-83D3-4AC1-B901-D2F0C4C34AEA} = {6051B0DD-0D5F-4290-8711-F83FCEEFDF5B}
		{BA6CE019-6D56-458C-95B9-F39F8CEE25BA} = {6051B0DD-0D5F-4290-8711-F83FCEEFDF5B}
		{DBEB3A62-38E8-4D91-99C3-5264509710D5} = {6051B0DD-0D5F-4290-8711-F83FCEEFDF5B}
		{E88889A8-BFE7-4F4E-8E34-49AD11BD94BA} = {6051B0DD-0D5F-4290-8711-F83FCEEFDF5B}
		{ABA05ADE-CB57-48B3-825E-45E05764C406} = {6051B0DD-0D5F-4290-8711-F83FCEEFDF5B}
		{9324F7A0-F6BA-45CE-A691-0BA0E325532A} = {6051B0DD-0D5F-4290-8711-F83FCEEFDF5B}
		{98052259-489E-49EB-A482-609508AA58CA} = {6051B0DD-0D5F-4290-8711-F83FCEEFDF5B}
		{DACD7648-153E-47B8-9BD5-672EA06A3EAD} = {6051B0DD-0D5F-4290-8711-F83FCEEFDF5B}
		{F8F3310E-05D2-4E67-9411-1631F80549B9} = {6051B0DD-0D5F-4290-8711-F83FCEEFDF5B}
		{935D3289-C1A1-4DB4-9883-75F9F7F958D1} = {6051B0DD-0D5F-4290-8711-F83FCEEFDF5B}
		{BCC7048E-47F1-4203-9FB4-62CD059A60DA} = {6051B0DD-0D5F-4290-8711-F83FCEEFDF5B}
		{2D097B92-9A00-4BA1-95F6-E430EDC3AF58} = {6051B0DD-0D5F-4290-8711-F83FCEEFDF5B}
		{2149B91F-A823-40DC-BB1D-9533EF9FEA41} = {6051B0DD-0D5F-4290-8711-F83FCEEFDF5B}
		{5DDDFE22-3DC1-4457-9827-033BA968FF2E} = {6051B0DD-0D5F-4290-8711-F83FCEEFDF5B}
		{0ECEA6EA-2891-4A6A-BB35-492BDEEB3293} = {6051B0DD-0D5F-4290-8711-F83FCEEFDF5B}
		{AF74B26E-D47A-4836-A2A9-30C3CDF3F18F} = {6051B0DD-0D5F-4290-8711-F83FCEEFDF5B}
		{AB8134BA-AB13-4D42-A4FC-67F30D4A7207} = {6051B0DD-0D5F-4290-8711-F83FCEEFDF5B}
		{1A54FC97-04D7-4A1F-A1D5-87D1A0885CD3} = {6051B0DD-0D5F-4290-8711-F83FCEEFDF5B}
		{DC651AF1-1CC6-4182-B372-C589AC358BE6} = {6051B0DD-0D5F-4290-8711-F83FCEEFDF5B}
		{A8A19586-9E15-4E05-A177-40A2FB8C403A} = {6051B0DD-0D5F-4290-8711-F83FCEEFDF5B}
		{B45A2B31-9198-4A33-8A3E-D08BE36241A5} = {6051B0DD-0D5F-4290-8711-F83FCEEFDF5B}
		{4EF6A282-67C4-432E-BF42-57865CEC4BAD} = {6051B0DD-0D5F-4290-8711-F83FCEEFDF5B}
		{B791A996-09E1-4A9C-AC94-6DCA8F106556} = {6051B0DD-0D5F-4290-8711-F83FCEEFDF5B}
		{A70375A5-10BF-4965-9EEE-37793C611548} = {6051B0DD-0D5F-4290-8711-F83FCEEFDF5B}
		{31B5410D-3BF2-46EF-9A61-983EB4B17DD0} = {6051B0DD-0D5F-4290-8711-F83FCEEFDF5B}
		{37EFDAE7-AA77-4FEC-97F7-CBC4E8CBCFA1} = {6051B0DD-0D5F-4290-8711-F83FCEEFDF5B}
		{AF31080D-3B85-4F3E-AC3A-BA7990508D0A} = {6051B0DD-0D5F-4290-8711-F83FCEEFDF5B}
		{A2A8AA38-ED66-4B1B-917C-E5E25A2A9AA0} = {6051B0DD-0D5F-4290-8711-F83FCEEFDF5B}
		{CB9F6695-A97D-490B-9224-187C5E2E4578} = {6051B0DD-0D5F-4290-8711-F83FCEEFDF5B}
		{08FA1D6F-F2FA-4D20-9367-C7761A028B25} = {6051B0DD-0D5F-4290-8711-F83FCEEFDF5B}
		{749184FA-718A-4907-952F-B8D8461BD06E} = {6051B0DD-0D5F-4290-8711-F83FCEEFDF5B}
		{F0C4F4E8-58FE-483E-A8EB-23983E903B5C} = {6051B0DD-0D5F-4290-8711-F83FCEEFDF5B}
		{056E7C1F-8833-4BCD-8749-53E10F23804E} = {6051B0DD-0D5F-4290-8711-F83FCEEFDF5B}
		{A02F9197-C6A1-4E74-B5D0-533D97B8A167} = {6051B0DD-0D5F-4290-8711-F83FCEEFDF5B}
		{CEAD0955-69CE-4388-8AFB-E34489182DEF} = {6051B0DD-0D5F-4290-8711-F83FCEEFDF5B}
		{CA02C9D2-FC63-4C04-A474-01EA4816CECF} = {6051B0DD-0D5F-4290-8711-F83FCEEFDF5B}
		{D71CB76A-21CC-482D-9062-CFE5927A18C6} = {6051B0DD-0D5F-4290-8711-F83FCEEFDF5B}
		{ABF07DB6-B526-451A-83A3-F3D6EB5BD3D0} = {6051B0DD-0D5F-4290-8711-F83FCEEFDF5B}
		{205ABED9-C00A-46F9-9469-16D95916D6FA} = {6051B0DD-0D5F-4290-8711-F83FCEEFDF5B}
		{1DD5590A-4FC2-4FA6-A5A3-6EE8DAB1257F} = {6051B0DD-0D5F-4290-8711-F83FCEEFDF5B}
		{32713C72-B45B-43B7-A8AA-A7D98EB81D32} = {6051B0DD-0D5F-4290-8711-F83FCEEFDF5B}
		{1BC4ECC2-6747-4C34-9DD1-846E2D19111E} = {6051B0DD-0D5F-4290-8711-F83FCEEFDF5B}
		{804EB1C4-ECEC-4157-BA14-5D820EB4DF40} = {6051B0DD-0D5F-4290-8711-F83FCEEFDF5B}
		{10A8AAA6-9491-4D4A-B6F8-B0A5F595B2DD} = {6051B0DD-0D5F-4290-8711-F83FCEEFDF5B}
		{EEBED0C6-9656-4BDB-96E5-757209E3E52A} = {6051B0DD-0D5F-4290-8711-F83FCEEFDF5B}
		{5FCCAFCA-BAF0-4896-937C-D740B2C8FFFB} = {6051B0DD-0D5F-4290-8711-F83FCEEFDF5B}
		{4E99118B-FF76-4E72-9749-1B863AB7B4D6} = {6051B0DD-0D5F-4290-8711-F83FCEEFDF5B}
		{B65A150A-8834-4CC1-A855-194F5A4A8042} = {6051B0DD-0D5F-4290-8711-F83FCEEFDF5B}
		{51B46A71-77DE-4F05-BB59-357A54C67616} = {6051B0DD-0D5F-4290-8711-F83FCEEFDF5B}
		{C7F9C621-4BA3-4F0E-A4BA-E79D1E53970D} = {6051B0DD-0D5F-4290-8711-F83FCEEFDF5B}
		{EFFDB223-E298-45A9-903A-A5DE8FF05D1F} = {6051B0DD-0D5F-4290-8711-F83FCEEFDF5B}
		{AA7A5522-C6CA-46F3-83F9-C9B5BE422D97} = {6051B0DD-0D5F-4290-8711-F83FCEEFDF5B}
		{D035C699-66E8-45B6-9D1A-FCBDD4BAD65B} = {6051B0DD-0D5F-4290-8711-F83FCEEFDF5B}
	EndGlobalSection
	GlobalSection(SolutionConfigurationPlatforms) = preSolution
		Debug|Any CPU = Debug|Any CPU
		Release|Any CPU = Release|Any CPU
	EndGlobalSection
	GlobalSection(ProjectConfigurationPlatforms) = postSolution
		{38127444-1714-4C8A-98C0-D5F0BD2B86B6}.Debug|Any CPU.ActiveCfg = Debug|Any CPU
		{38127444-1714-4C8A-98C0-D5F0BD2B86B6}.Debug|Any CPU.Build.0 = Debug|Any CPU
		{38127444-1714-4C8A-98C0-D5F0BD2B86B6}.Release|Any CPU.ActiveCfg = Release|Any CPU
		{38127444-1714-4C8A-98C0-D5F0BD2B86B6}.Release|Any CPU.Build.0 = Release|Any CPU
		{C6115FE4-1C89-4514-9079-8E659E3321B9}.Debug|Any CPU.ActiveCfg = Debug|Any CPU
		{C6115FE4-1C89-4514-9079-8E659E3321B9}.Debug|Any CPU.Build.0 = Debug|Any CPU
		{C6115FE4-1C89-4514-9079-8E659E3321B9}.Release|Any CPU.ActiveCfg = Release|Any CPU
		{C6115FE4-1C89-4514-9079-8E659E3321B9}.Release|Any CPU.Build.0 = Release|Any CPU
		{5FC8762B-7700-4C59-AEDD-98FA5F8ACAA5}.Debug|Any CPU.ActiveCfg = Debug|Any CPU
		{5FC8762B-7700-4C59-AEDD-98FA5F8ACAA5}.Debug|Any CPU.Build.0 = Debug|Any CPU
		{5FC8762B-7700-4C59-AEDD-98FA5F8ACAA5}.Release|Any CPU.ActiveCfg = Release|Any CPU
		{5FC8762B-7700-4C59-AEDD-98FA5F8ACAA5}.Release|Any CPU.Build.0 = Release|Any CPU
		{9F914871-10EF-454B-8B3A-ABB468B70D00}.Debug|Any CPU.ActiveCfg = Debug|Any CPU
		{9F914871-10EF-454B-8B3A-ABB468B70D00}.Debug|Any CPU.Build.0 = Debug|Any CPU
		{9F914871-10EF-454B-8B3A-ABB468B70D00}.Release|Any CPU.ActiveCfg = Release|Any CPU
		{9F914871-10EF-454B-8B3A-ABB468B70D00}.Release|Any CPU.Build.0 = Release|Any CPU
		{46630524-9869-4EC5-A348-E8FC522C9144}.Debug|Any CPU.ActiveCfg = Debug|Any CPU
		{46630524-9869-4EC5-A348-E8FC522C9144}.Debug|Any CPU.Build.0 = Debug|Any CPU
		{46630524-9869-4EC5-A348-E8FC522C9144}.Release|Any CPU.ActiveCfg = Release|Any CPU
		{46630524-9869-4EC5-A348-E8FC522C9144}.Release|Any CPU.Build.0 = Release|Any CPU
		{E8A93107-1AFE-41EB-A25E-6B8F58E5B41F}.Debug|Any CPU.ActiveCfg = Debug|Any CPU
		{E8A93107-1AFE-41EB-A25E-6B8F58E5B41F}.Debug|Any CPU.Build.0 = Debug|Any CPU
		{E8A93107-1AFE-41EB-A25E-6B8F58E5B41F}.Release|Any CPU.ActiveCfg = Release|Any CPU
		{E8A93107-1AFE-41EB-A25E-6B8F58E5B41F}.Release|Any CPU.Build.0 = Release|Any CPU
		{D726AA17-8802-4874-91FD-8F61A391FCC8}.Debug|Any CPU.ActiveCfg = Debug|Any CPU
		{D726AA17-8802-4874-91FD-8F61A391FCC8}.Debug|Any CPU.Build.0 = Debug|Any CPU
		{D726AA17-8802-4874-91FD-8F61A391FCC8}.Release|Any CPU.ActiveCfg = Release|Any CPU
		{D726AA17-8802-4874-91FD-8F61A391FCC8}.Release|Any CPU.Build.0 = Release|Any CPU
		{AF2DCFBE-F516-4A86-999A-AF82EB83FAFA}.Debug|Any CPU.ActiveCfg = Debug|Any CPU
		{AF2DCFBE-F516-4A86-999A-AF82EB83FAFA}.Debug|Any CPU.Build.0 = Debug|Any CPU
		{AF2DCFBE-F516-4A86-999A-AF82EB83FAFA}.Release|Any CPU.ActiveCfg = Release|Any CPU
		{AF2DCFBE-F516-4A86-999A-AF82EB83FAFA}.Release|Any CPU.Build.0 = Release|Any CPU
		{53C0845D-32E7-425A-8214-16829982F082}.Debug|Any CPU.ActiveCfg = Debug|Any CPU
		{53C0845D-32E7-425A-8214-16829982F082}.Debug|Any CPU.Build.0 = Debug|Any CPU
		{53C0845D-32E7-425A-8214-16829982F082}.Release|Any CPU.ActiveCfg = Release|Any CPU
		{53C0845D-32E7-425A-8214-16829982F082}.Release|Any CPU.Build.0 = Release|Any CPU
		{40633FA6-AE89-41AC-B59A-926BE3B56C69}.Debug|Any CPU.ActiveCfg = Debug|Any CPU
		{40633FA6-AE89-41AC-B59A-926BE3B56C69}.Debug|Any CPU.Build.0 = Debug|Any CPU
		{40633FA6-AE89-41AC-B59A-926BE3B56C69}.Release|Any CPU.ActiveCfg = Release|Any CPU
		{40633FA6-AE89-41AC-B59A-926BE3B56C69}.Release|Any CPU.Build.0 = Release|Any CPU
		{A61DD23D-29AD-4E06-8D07-C0BF775DA331}.Debug|Any CPU.ActiveCfg = Debug|Any CPU
		{A61DD23D-29AD-4E06-8D07-C0BF775DA331}.Debug|Any CPU.Build.0 = Debug|Any CPU
		{A61DD23D-29AD-4E06-8D07-C0BF775DA331}.Release|Any CPU.ActiveCfg = Release|Any CPU
		{A61DD23D-29AD-4E06-8D07-C0BF775DA331}.Release|Any CPU.Build.0 = Release|Any CPU
		{1F03950A-63CC-4993-B647-363B6BCD1C25}.Debug|Any CPU.ActiveCfg = Debug|Any CPU
		{1F03950A-63CC-4993-B647-363B6BCD1C25}.Debug|Any CPU.Build.0 = Debug|Any CPU
		{1F03950A-63CC-4993-B647-363B6BCD1C25}.Release|Any CPU.ActiveCfg = Release|Any CPU
		{1F03950A-63CC-4993-B647-363B6BCD1C25}.Release|Any CPU.Build.0 = Release|Any CPU
		{87691957-FB76-4AC3-91F5-950F664B4C59}.Debug|Any CPU.ActiveCfg = Debug|Any CPU
		{87691957-FB76-4AC3-91F5-950F664B4C59}.Debug|Any CPU.Build.0 = Debug|Any CPU
		{87691957-FB76-4AC3-91F5-950F664B4C59}.Release|Any CPU.ActiveCfg = Release|Any CPU
		{87691957-FB76-4AC3-91F5-950F664B4C59}.Release|Any CPU.Build.0 = Release|Any CPU
		{04C5DB9A-2D2A-45BB-85B2-5F101369A2BE}.Debug|Any CPU.ActiveCfg = Debug|Any CPU
		{04C5DB9A-2D2A-45BB-85B2-5F101369A2BE}.Debug|Any CPU.Build.0 = Debug|Any CPU
		{04C5DB9A-2D2A-45BB-85B2-5F101369A2BE}.Release|Any CPU.ActiveCfg = Release|Any CPU
		{04C5DB9A-2D2A-45BB-85B2-5F101369A2BE}.Release|Any CPU.Build.0 = Release|Any CPU
		{14238072-A225-4403-9DE7-EEF58EED7F52}.Debug|Any CPU.ActiveCfg = Debug|Any CPU
		{14238072-A225-4403-9DE7-EEF58EED7F52}.Debug|Any CPU.Build.0 = Debug|Any CPU
		{14238072-A225-4403-9DE7-EEF58EED7F52}.Release|Any CPU.ActiveCfg = Release|Any CPU
		{14238072-A225-4403-9DE7-EEF58EED7F52}.Release|Any CPU.Build.0 = Release|Any CPU
		{5A97D29A-6B83-4DDD-8106-3023B8265225}.Debug|Any CPU.ActiveCfg = Debug|Any CPU
		{5A97D29A-6B83-4DDD-8106-3023B8265225}.Debug|Any CPU.Build.0 = Debug|Any CPU
		{5A97D29A-6B83-4DDD-8106-3023B8265225}.Release|Any CPU.ActiveCfg = Release|Any CPU
		{5A97D29A-6B83-4DDD-8106-3023B8265225}.Release|Any CPU.Build.0 = Release|Any CPU
		{20465217-1F4E-406D-8C0B-FF03A24138EB}.Debug|Any CPU.ActiveCfg = Debug|Any CPU
		{20465217-1F4E-406D-8C0B-FF03A24138EB}.Debug|Any CPU.Build.0 = Debug|Any CPU
		{20465217-1F4E-406D-8C0B-FF03A24138EB}.Release|Any CPU.ActiveCfg = Release|Any CPU
		{20465217-1F4E-406D-8C0B-FF03A24138EB}.Release|Any CPU.Build.0 = Release|Any CPU
		{B8442AF4-D27A-4471-89A4-ECA1001674BC}.Debug|Any CPU.ActiveCfg = Debug|Any CPU
		{B8442AF4-D27A-4471-89A4-ECA1001674BC}.Debug|Any CPU.Build.0 = Debug|Any CPU
		{B8442AF4-D27A-4471-89A4-ECA1001674BC}.Release|Any CPU.ActiveCfg = Release|Any CPU
		{B8442AF4-D27A-4471-89A4-ECA1001674BC}.Release|Any CPU.Build.0 = Release|Any CPU
		{62456465-0453-4296-8682-4FCF850B763E}.Debug|Any CPU.ActiveCfg = Debug|Any CPU
		{62456465-0453-4296-8682-4FCF850B763E}.Debug|Any CPU.Build.0 = Debug|Any CPU
		{62456465-0453-4296-8682-4FCF850B763E}.Release|Any CPU.ActiveCfg = Release|Any CPU
		{62456465-0453-4296-8682-4FCF850B763E}.Release|Any CPU.Build.0 = Release|Any CPU
		{CEDC8B4C-B82A-4E20-8416-7205A5C03628}.Debug|Any CPU.ActiveCfg = Debug|Any CPU
		{CEDC8B4C-B82A-4E20-8416-7205A5C03628}.Debug|Any CPU.Build.0 = Debug|Any CPU
		{CEDC8B4C-B82A-4E20-8416-7205A5C03628}.Release|Any CPU.ActiveCfg = Release|Any CPU
		{CEDC8B4C-B82A-4E20-8416-7205A5C03628}.Release|Any CPU.Build.0 = Release|Any CPU
		{7ACD1B8F-A5D1-4508-8FD5-A4350769B6C5}.Debug|Any CPU.ActiveCfg = Debug|Any CPU
		{7ACD1B8F-A5D1-4508-8FD5-A4350769B6C5}.Debug|Any CPU.Build.0 = Debug|Any CPU
		{7ACD1B8F-A5D1-4508-8FD5-A4350769B6C5}.Release|Any CPU.ActiveCfg = Release|Any CPU
		{7ACD1B8F-A5D1-4508-8FD5-A4350769B6C5}.Release|Any CPU.Build.0 = Release|Any CPU
		{EC75B06B-B9F5-4523-A2B5-7973C0E746BB}.Debug|Any CPU.ActiveCfg = Debug|Any CPU
		{EC75B06B-B9F5-4523-A2B5-7973C0E746BB}.Debug|Any CPU.Build.0 = Debug|Any CPU
		{EC75B06B-B9F5-4523-A2B5-7973C0E746BB}.Release|Any CPU.ActiveCfg = Release|Any CPU
		{EC75B06B-B9F5-4523-A2B5-7973C0E746BB}.Release|Any CPU.Build.0 = Release|Any CPU
		{B2DE210C-A12E-431C-B6B5-1C9A021DA647}.Debug|Any CPU.ActiveCfg = Debug|Any CPU
		{B2DE210C-A12E-431C-B6B5-1C9A021DA647}.Debug|Any CPU.Build.0 = Debug|Any CPU
		{B2DE210C-A12E-431C-B6B5-1C9A021DA647}.Release|Any CPU.ActiveCfg = Release|Any CPU
		{B2DE210C-A12E-431C-B6B5-1C9A021DA647}.Release|Any CPU.Build.0 = Release|Any CPU
		{4923A79E-83D3-4AC1-B901-D2F0C4C34AEA}.Debug|Any CPU.ActiveCfg = Debug|Any CPU
		{4923A79E-83D3-4AC1-B901-D2F0C4C34AEA}.Debug|Any CPU.Build.0 = Debug|Any CPU
		{4923A79E-83D3-4AC1-B901-D2F0C4C34AEA}.Release|Any CPU.ActiveCfg = Release|Any CPU
		{4923A79E-83D3-4AC1-B901-D2F0C4C34AEA}.Release|Any CPU.Build.0 = Release|Any CPU
		{BA6CE019-6D56-458C-95B9-F39F8CEE25BA}.Debug|Any CPU.ActiveCfg = Debug|Any CPU
		{BA6CE019-6D56-458C-95B9-F39F8CEE25BA}.Debug|Any CPU.Build.0 = Debug|Any CPU
		{BA6CE019-6D56-458C-95B9-F39F8CEE25BA}.Release|Any CPU.ActiveCfg = Release|Any CPU
		{BA6CE019-6D56-458C-95B9-F39F8CEE25BA}.Release|Any CPU.Build.0 = Release|Any CPU
		{DBEB3A62-38E8-4D91-99C3-5264509710D5}.Debug|Any CPU.ActiveCfg = Debug|Any CPU
		{DBEB3A62-38E8-4D91-99C3-5264509710D5}.Debug|Any CPU.Build.0 = Debug|Any CPU
		{DBEB3A62-38E8-4D91-99C3-5264509710D5}.Release|Any CPU.ActiveCfg = Release|Any CPU
		{DBEB3A62-38E8-4D91-99C3-5264509710D5}.Release|Any CPU.Build.0 = Release|Any CPU
		{E88889A8-BFE7-4F4E-8E34-49AD11BD94BA}.Debug|Any CPU.ActiveCfg = Debug|Any CPU
		{E88889A8-BFE7-4F4E-8E34-49AD11BD94BA}.Debug|Any CPU.Build.0 = Debug|Any CPU
		{E88889A8-BFE7-4F4E-8E34-49AD11BD94BA}.Release|Any CPU.ActiveCfg = Release|Any CPU
		{E88889A8-BFE7-4F4E-8E34-49AD11BD94BA}.Release|Any CPU.Build.0 = Release|Any CPU
		{ABA05ADE-CB57-48B3-825E-45E05764C406}.Debug|Any CPU.ActiveCfg = Debug|Any CPU
		{ABA05ADE-CB57-48B3-825E-45E05764C406}.Debug|Any CPU.Build.0 = Debug|Any CPU
		{ABA05ADE-CB57-48B3-825E-45E05764C406}.Release|Any CPU.ActiveCfg = Release|Any CPU
		{ABA05ADE-CB57-48B3-825E-45E05764C406}.Release|Any CPU.Build.0 = Release|Any CPU
		{9324F7A0-F6BA-45CE-A691-0BA0E325532A}.Debug|Any CPU.ActiveCfg = Debug|Any CPU
		{9324F7A0-F6BA-45CE-A691-0BA0E325532A}.Debug|Any CPU.Build.0 = Debug|Any CPU
		{9324F7A0-F6BA-45CE-A691-0BA0E325532A}.Release|Any CPU.ActiveCfg = Release|Any CPU
		{9324F7A0-F6BA-45CE-A691-0BA0E325532A}.Release|Any CPU.Build.0 = Release|Any CPU
		{98052259-489E-49EB-A482-609508AA58CA}.Debug|Any CPU.ActiveCfg = Debug|Any CPU
		{98052259-489E-49EB-A482-609508AA58CA}.Debug|Any CPU.Build.0 = Debug|Any CPU
		{98052259-489E-49EB-A482-609508AA58CA}.Release|Any CPU.ActiveCfg = Release|Any CPU
		{98052259-489E-49EB-A482-609508AA58CA}.Release|Any CPU.Build.0 = Release|Any CPU
		{DACD7648-153E-47B8-9BD5-672EA06A3EAD}.Debug|Any CPU.ActiveCfg = Debug|Any CPU
		{DACD7648-153E-47B8-9BD5-672EA06A3EAD}.Debug|Any CPU.Build.0 = Debug|Any CPU
		{DACD7648-153E-47B8-9BD5-672EA06A3EAD}.Release|Any CPU.ActiveCfg = Release|Any CPU
		{DACD7648-153E-47B8-9BD5-672EA06A3EAD}.Release|Any CPU.Build.0 = Release|Any CPU
		{F8F3310E-05D2-4E67-9411-1631F80549B9}.Debug|Any CPU.ActiveCfg = Debug|Any CPU
		{F8F3310E-05D2-4E67-9411-1631F80549B9}.Debug|Any CPU.Build.0 = Debug|Any CPU
		{F8F3310E-05D2-4E67-9411-1631F80549B9}.Release|Any CPU.ActiveCfg = Release|Any CPU
		{F8F3310E-05D2-4E67-9411-1631F80549B9}.Release|Any CPU.Build.0 = Release|Any CPU
		{935D3289-C1A1-4DB4-9883-75F9F7F958D1}.Debug|Any CPU.ActiveCfg = Debug|Any CPU
		{935D3289-C1A1-4DB4-9883-75F9F7F958D1}.Debug|Any CPU.Build.0 = Debug|Any CPU
		{935D3289-C1A1-4DB4-9883-75F9F7F958D1}.Release|Any CPU.ActiveCfg = Release|Any CPU
		{935D3289-C1A1-4DB4-9883-75F9F7F958D1}.Release|Any CPU.Build.0 = Release|Any CPU
		{BCC7048E-47F1-4203-9FB4-62CD059A60DA}.Debug|Any CPU.ActiveCfg = Debug|Any CPU
		{BCC7048E-47F1-4203-9FB4-62CD059A60DA}.Debug|Any CPU.Build.0 = Debug|Any CPU
		{BCC7048E-47F1-4203-9FB4-62CD059A60DA}.Release|Any CPU.ActiveCfg = Release|Any CPU
		{BCC7048E-47F1-4203-9FB4-62CD059A60DA}.Release|Any CPU.Build.0 = Release|Any CPU
		{2D097B92-9A00-4BA1-95F6-E430EDC3AF58}.Debug|Any CPU.ActiveCfg = Debug|Any CPU
		{2D097B92-9A00-4BA1-95F6-E430EDC3AF58}.Debug|Any CPU.Build.0 = Debug|Any CPU
		{2D097B92-9A00-4BA1-95F6-E430EDC3AF58}.Release|Any CPU.ActiveCfg = Release|Any CPU
		{2D097B92-9A00-4BA1-95F6-E430EDC3AF58}.Release|Any CPU.Build.0 = Release|Any CPU
		{1AED5399-7359-4704-B26C-32859AA10BA8}.Debug|Any CPU.ActiveCfg = Debug|Any CPU
		{1AED5399-7359-4704-B26C-32859AA10BA8}.Debug|Any CPU.Build.0 = Debug|Any CPU
		{1AED5399-7359-4704-B26C-32859AA10BA8}.Release|Any CPU.ActiveCfg = Release|Any CPU
		{1AED5399-7359-4704-B26C-32859AA10BA8}.Release|Any CPU.Build.0 = Release|Any CPU
		{2149B91F-A823-40DC-BB1D-9533EF9FEA41}.Debug|Any CPU.ActiveCfg = Debug|Any CPU
		{2149B91F-A823-40DC-BB1D-9533EF9FEA41}.Debug|Any CPU.Build.0 = Debug|Any CPU
		{2149B91F-A823-40DC-BB1D-9533EF9FEA41}.Release|Any CPU.ActiveCfg = Release|Any CPU
		{2149B91F-A823-40DC-BB1D-9533EF9FEA41}.Release|Any CPU.Build.0 = Release|Any CPU
		{5DDDFE22-3DC1-4457-9827-033BA968FF2E}.Debug|Any CPU.ActiveCfg = Debug|Any CPU
		{5DDDFE22-3DC1-4457-9827-033BA968FF2E}.Debug|Any CPU.Build.0 = Debug|Any CPU
		{5DDDFE22-3DC1-4457-9827-033BA968FF2E}.Release|Any CPU.ActiveCfg = Release|Any CPU
		{5DDDFE22-3DC1-4457-9827-033BA968FF2E}.Release|Any CPU.Build.0 = Release|Any CPU
		{0ECEA6EA-2891-4A6A-BB35-492BDEEB3293}.Debug|Any CPU.ActiveCfg = Debug|Any CPU
		{0ECEA6EA-2891-4A6A-BB35-492BDEEB3293}.Debug|Any CPU.Build.0 = Debug|Any CPU
		{0ECEA6EA-2891-4A6A-BB35-492BDEEB3293}.Release|Any CPU.ActiveCfg = Release|Any CPU
		{0ECEA6EA-2891-4A6A-BB35-492BDEEB3293}.Release|Any CPU.Build.0 = Release|Any CPU
		{AF74B26E-D47A-4836-A2A9-30C3CDF3F18F}.Debug|Any CPU.ActiveCfg = Debug|Any CPU
		{AF74B26E-D47A-4836-A2A9-30C3CDF3F18F}.Debug|Any CPU.Build.0 = Debug|Any CPU
		{AF74B26E-D47A-4836-A2A9-30C3CDF3F18F}.Release|Any CPU.ActiveCfg = Release|Any CPU
		{AF74B26E-D47A-4836-A2A9-30C3CDF3F18F}.Release|Any CPU.Build.0 = Release|Any CPU
		{AB8134BA-AB13-4D42-A4FC-67F30D4A7207}.Debug|Any CPU.ActiveCfg = Debug|Any CPU
		{AB8134BA-AB13-4D42-A4FC-67F30D4A7207}.Debug|Any CPU.Build.0 = Debug|Any CPU
		{AB8134BA-AB13-4D42-A4FC-67F30D4A7207}.Release|Any CPU.ActiveCfg = Release|Any CPU
		{AB8134BA-AB13-4D42-A4FC-67F30D4A7207}.Release|Any CPU.Build.0 = Release|Any CPU
		{1A54FC97-04D7-4A1F-A1D5-87D1A0885CD3}.Debug|Any CPU.ActiveCfg = Debug|Any CPU
		{1A54FC97-04D7-4A1F-A1D5-87D1A0885CD3}.Debug|Any CPU.Build.0 = Debug|Any CPU
		{1A54FC97-04D7-4A1F-A1D5-87D1A0885CD3}.Release|Any CPU.ActiveCfg = Release|Any CPU
		{1A54FC97-04D7-4A1F-A1D5-87D1A0885CD3}.Release|Any CPU.Build.0 = Release|Any CPU
		{DC651AF1-1CC6-4182-B372-C589AC358BE6}.Debug|Any CPU.ActiveCfg = Debug|Any CPU
		{DC651AF1-1CC6-4182-B372-C589AC358BE6}.Debug|Any CPU.Build.0 = Debug|Any CPU
		{DC651AF1-1CC6-4182-B372-C589AC358BE6}.Release|Any CPU.ActiveCfg = Release|Any CPU
		{DC651AF1-1CC6-4182-B372-C589AC358BE6}.Release|Any CPU.Build.0 = Release|Any CPU
		{A8A19586-9E15-4E05-A177-40A2FB8C403A}.Debug|Any CPU.ActiveCfg = Debug|Any CPU
		{A8A19586-9E15-4E05-A177-40A2FB8C403A}.Debug|Any CPU.Build.0 = Debug|Any CPU
		{A8A19586-9E15-4E05-A177-40A2FB8C403A}.Release|Any CPU.ActiveCfg = Release|Any CPU
		{A8A19586-9E15-4E05-A177-40A2FB8C403A}.Release|Any CPU.Build.0 = Release|Any CPU
		{B45A2B31-9198-4A33-8A3E-D08BE36241A5}.Debug|Any CPU.ActiveCfg = Debug|Any CPU
		{B45A2B31-9198-4A33-8A3E-D08BE36241A5}.Debug|Any CPU.Build.0 = Debug|Any CPU
		{B45A2B31-9198-4A33-8A3E-D08BE36241A5}.Release|Any CPU.ActiveCfg = Release|Any CPU
		{B45A2B31-9198-4A33-8A3E-D08BE36241A5}.Release|Any CPU.Build.0 = Release|Any CPU
		{4EF6A282-67C4-432E-BF42-57865CEC4BAD}.Debug|Any CPU.ActiveCfg = Debug|Any CPU
		{4EF6A282-67C4-432E-BF42-57865CEC4BAD}.Debug|Any CPU.Build.0 = Debug|Any CPU
		{4EF6A282-67C4-432E-BF42-57865CEC4BAD}.Release|Any CPU.ActiveCfg = Release|Any CPU
		{4EF6A282-67C4-432E-BF42-57865CEC4BAD}.Release|Any CPU.Build.0 = Release|Any CPU
		{B791A996-09E1-4A9C-AC94-6DCA8F106556}.Debug|Any CPU.ActiveCfg = Debug|Any CPU
		{B791A996-09E1-4A9C-AC94-6DCA8F106556}.Debug|Any CPU.Build.0 = Debug|Any CPU
		{B791A996-09E1-4A9C-AC94-6DCA8F106556}.Release|Any CPU.ActiveCfg = Release|Any CPU
		{B791A996-09E1-4A9C-AC94-6DCA8F106556}.Release|Any CPU.Build.0 = Release|Any CPU
		{A70375A5-10BF-4965-9EEE-37793C611548}.Debug|Any CPU.ActiveCfg = Debug|Any CPU
		{A70375A5-10BF-4965-9EEE-37793C611548}.Debug|Any CPU.Build.0 = Debug|Any CPU
		{A70375A5-10BF-4965-9EEE-37793C611548}.Release|Any CPU.ActiveCfg = Release|Any CPU
		{A70375A5-10BF-4965-9EEE-37793C611548}.Release|Any CPU.Build.0 = Release|Any CPU
		{31B5410D-3BF2-46EF-9A61-983EB4B17DD0}.Debug|Any CPU.ActiveCfg = Debug|Any CPU
		{31B5410D-3BF2-46EF-9A61-983EB4B17DD0}.Debug|Any CPU.Build.0 = Debug|Any CPU
		{31B5410D-3BF2-46EF-9A61-983EB4B17DD0}.Release|Any CPU.ActiveCfg = Release|Any CPU
		{31B5410D-3BF2-46EF-9A61-983EB4B17DD0}.Release|Any CPU.Build.0 = Release|Any CPU
		{37EFDAE7-AA77-4FEC-97F7-CBC4E8CBCFA1}.Debug|Any CPU.ActiveCfg = Debug|Any CPU
		{37EFDAE7-AA77-4FEC-97F7-CBC4E8CBCFA1}.Debug|Any CPU.Build.0 = Debug|Any CPU
		{37EFDAE7-AA77-4FEC-97F7-CBC4E8CBCFA1}.Release|Any CPU.ActiveCfg = Release|Any CPU
		{37EFDAE7-AA77-4FEC-97F7-CBC4E8CBCFA1}.Release|Any CPU.Build.0 = Release|Any CPU
		{AF31080D-3B85-4F3E-AC3A-BA7990508D0A}.Debug|Any CPU.ActiveCfg = Debug|Any CPU
		{AF31080D-3B85-4F3E-AC3A-BA7990508D0A}.Debug|Any CPU.Build.0 = Debug|Any CPU
		{AF31080D-3B85-4F3E-AC3A-BA7990508D0A}.Release|Any CPU.ActiveCfg = Release|Any CPU
		{AF31080D-3B85-4F3E-AC3A-BA7990508D0A}.Release|Any CPU.Build.0 = Release|Any CPU
		{A2A8AA38-ED66-4B1B-917C-E5E25A2A9AA0}.Debug|Any CPU.ActiveCfg = Debug|Any CPU
		{A2A8AA38-ED66-4B1B-917C-E5E25A2A9AA0}.Debug|Any CPU.Build.0 = Debug|Any CPU
		{A2A8AA38-ED66-4B1B-917C-E5E25A2A9AA0}.Release|Any CPU.ActiveCfg = Release|Any CPU
		{A2A8AA38-ED66-4B1B-917C-E5E25A2A9AA0}.Release|Any CPU.Build.0 = Release|Any CPU
		{CB9F6695-A97D-490B-9224-187C5E2E4578}.Debug|Any CPU.ActiveCfg = Debug|Any CPU
		{CB9F6695-A97D-490B-9224-187C5E2E4578}.Debug|Any CPU.Build.0 = Debug|Any CPU
		{CB9F6695-A97D-490B-9224-187C5E2E4578}.Release|Any CPU.ActiveCfg = Release|Any CPU
		{CB9F6695-A97D-490B-9224-187C5E2E4578}.Release|Any CPU.Build.0 = Release|Any CPU
		{08FA1D6F-F2FA-4D20-9367-C7761A028B25}.Debug|Any CPU.ActiveCfg = Debug|Any CPU
		{08FA1D6F-F2FA-4D20-9367-C7761A028B25}.Debug|Any CPU.Build.0 = Debug|Any CPU
		{08FA1D6F-F2FA-4D20-9367-C7761A028B25}.Release|Any CPU.ActiveCfg = Release|Any CPU
		{08FA1D6F-F2FA-4D20-9367-C7761A028B25}.Release|Any CPU.Build.0 = Release|Any CPU
		{749184FA-718A-4907-952F-B8D8461BD06E}.Debug|Any CPU.ActiveCfg = Debug|Any CPU
		{749184FA-718A-4907-952F-B8D8461BD06E}.Debug|Any CPU.Build.0 = Debug|Any CPU
		{749184FA-718A-4907-952F-B8D8461BD06E}.Release|Any CPU.ActiveCfg = Release|Any CPU
		{749184FA-718A-4907-952F-B8D8461BD06E}.Release|Any CPU.Build.0 = Release|Any CPU
		{F0C4F4E8-58FE-483E-A8EB-23983E903B5C}.Debug|Any CPU.ActiveCfg = Debug|Any CPU
		{F0C4F4E8-58FE-483E-A8EB-23983E903B5C}.Debug|Any CPU.Build.0 = Debug|Any CPU
		{F0C4F4E8-58FE-483E-A8EB-23983E903B5C}.Release|Any CPU.ActiveCfg = Release|Any CPU
		{F0C4F4E8-58FE-483E-A8EB-23983E903B5C}.Release|Any CPU.Build.0 = Release|Any CPU
		{5471DCF8-B895-4D61-936B-02180A87361E}.Debug|Any CPU.ActiveCfg = Debug|Any CPU
		{5471DCF8-B895-4D61-936B-02180A87361E}.Debug|Any CPU.Build.0 = Debug|Any CPU
		{5471DCF8-B895-4D61-936B-02180A87361E}.Release|Any CPU.ActiveCfg = Release|Any CPU
		{5471DCF8-B895-4D61-936B-02180A87361E}.Release|Any CPU.Build.0 = Release|Any CPU
		{056E7C1F-8833-4BCD-8749-53E10F23804E}.Debug|Any CPU.ActiveCfg = Debug|Any CPU
		{056E7C1F-8833-4BCD-8749-53E10F23804E}.Debug|Any CPU.Build.0 = Debug|Any CPU
		{056E7C1F-8833-4BCD-8749-53E10F23804E}.Release|Any CPU.ActiveCfg = Release|Any CPU
		{056E7C1F-8833-4BCD-8749-53E10F23804E}.Release|Any CPU.Build.0 = Release|Any CPU
		{A02F9197-C6A1-4E74-B5D0-533D97B8A167}.Debug|Any CPU.ActiveCfg = Debug|Any CPU
		{A02F9197-C6A1-4E74-B5D0-533D97B8A167}.Debug|Any CPU.Build.0 = Debug|Any CPU
		{A02F9197-C6A1-4E74-B5D0-533D97B8A167}.Release|Any CPU.ActiveCfg = Release|Any CPU
		{A02F9197-C6A1-4E74-B5D0-533D97B8A167}.Release|Any CPU.Build.0 = Release|Any CPU
		{CEAD0955-69CE-4388-8AFB-E34489182DEF}.Debug|Any CPU.ActiveCfg = Debug|Any CPU
		{CEAD0955-69CE-4388-8AFB-E34489182DEF}.Debug|Any CPU.Build.0 = Debug|Any CPU
		{CEAD0955-69CE-4388-8AFB-E34489182DEF}.Release|Any CPU.ActiveCfg = Release|Any CPU
		{CEAD0955-69CE-4388-8AFB-E34489182DEF}.Release|Any CPU.Build.0 = Release|Any CPU
		{CA02C9D2-FC63-4C04-A474-01EA4816CECF}.Debug|Any CPU.ActiveCfg = Debug|Any CPU
		{CA02C9D2-FC63-4C04-A474-01EA4816CECF}.Debug|Any CPU.Build.0 = Debug|Any CPU
		{CA02C9D2-FC63-4C04-A474-01EA4816CECF}.Release|Any CPU.ActiveCfg = Release|Any CPU
		{CA02C9D2-FC63-4C04-A474-01EA4816CECF}.Release|Any CPU.Build.0 = Release|Any CPU
		{D71CB76A-21CC-482D-9062-CFE5927A18C6}.Debug|Any CPU.ActiveCfg = Debug|Any CPU
		{D71CB76A-21CC-482D-9062-CFE5927A18C6}.Debug|Any CPU.Build.0 = Debug|Any CPU
		{D71CB76A-21CC-482D-9062-CFE5927A18C6}.Release|Any CPU.ActiveCfg = Release|Any CPU
		{D71CB76A-21CC-482D-9062-CFE5927A18C6}.Release|Any CPU.Build.0 = Release|Any CPU
		{ABF07DB6-B526-451A-83A3-F3D6EB5BD3D0}.Debug|Any CPU.ActiveCfg = Debug|Any CPU
		{ABF07DB6-B526-451A-83A3-F3D6EB5BD3D0}.Debug|Any CPU.Build.0 = Debug|Any CPU
		{ABF07DB6-B526-451A-83A3-F3D6EB5BD3D0}.Release|Any CPU.ActiveCfg = Release|Any CPU
		{ABF07DB6-B526-451A-83A3-F3D6EB5BD3D0}.Release|Any CPU.Build.0 = Release|Any CPU
		{205ABED9-C00A-46F9-9469-16D95916D6FA}.Debug|Any CPU.ActiveCfg = Debug|Any CPU
		{205ABED9-C00A-46F9-9469-16D95916D6FA}.Debug|Any CPU.Build.0 = Debug|Any CPU
		{205ABED9-C00A-46F9-9469-16D95916D6FA}.Release|Any CPU.ActiveCfg = Release|Any CPU
		{205ABED9-C00A-46F9-9469-16D95916D6FA}.Release|Any CPU.Build.0 = Release|Any CPU
		{1DD5590A-4FC2-4FA6-A5A3-6EE8DAB1257F}.Debug|Any CPU.ActiveCfg = Debug|Any CPU
		{1DD5590A-4FC2-4FA6-A5A3-6EE8DAB1257F}.Debug|Any CPU.Build.0 = Debug|Any CPU
		{1DD5590A-4FC2-4FA6-A5A3-6EE8DAB1257F}.Release|Any CPU.ActiveCfg = Release|Any CPU
		{1DD5590A-4FC2-4FA6-A5A3-6EE8DAB1257F}.Release|Any CPU.Build.0 = Release|Any CPU
		{32713C72-B45B-43B7-A8AA-A7D98EB81D32}.Debug|Any CPU.ActiveCfg = Debug|Any CPU
		{32713C72-B45B-43B7-A8AA-A7D98EB81D32}.Debug|Any CPU.Build.0 = Debug|Any CPU
		{32713C72-B45B-43B7-A8AA-A7D98EB81D32}.Release|Any CPU.ActiveCfg = Release|Any CPU
		{32713C72-B45B-43B7-A8AA-A7D98EB81D32}.Release|Any CPU.Build.0 = Release|Any CPU
		{1BC4ECC2-6747-4C34-9DD1-846E2D19111E}.Debug|Any CPU.ActiveCfg = Debug|Any CPU
		{1BC4ECC2-6747-4C34-9DD1-846E2D19111E}.Debug|Any CPU.Build.0 = Debug|Any CPU
		{1BC4ECC2-6747-4C34-9DD1-846E2D19111E}.Release|Any CPU.ActiveCfg = Release|Any CPU
		{1BC4ECC2-6747-4C34-9DD1-846E2D19111E}.Release|Any CPU.Build.0 = Release|Any CPU
		{804EB1C4-ECEC-4157-BA14-5D820EB4DF40}.Debug|Any CPU.ActiveCfg = Debug|Any CPU
		{804EB1C4-ECEC-4157-BA14-5D820EB4DF40}.Debug|Any CPU.Build.0 = Debug|Any CPU
		{804EB1C4-ECEC-4157-BA14-5D820EB4DF40}.Release|Any CPU.ActiveCfg = Release|Any CPU
		{804EB1C4-ECEC-4157-BA14-5D820EB4DF40}.Release|Any CPU.Build.0 = Release|Any CPU
		{10A8AAA6-9491-4D4A-B6F8-B0A5F595B2DD}.Debug|Any CPU.ActiveCfg = Debug|Any CPU
		{10A8AAA6-9491-4D4A-B6F8-B0A5F595B2DD}.Debug|Any CPU.Build.0 = Debug|Any CPU
		{10A8AAA6-9491-4D4A-B6F8-B0A5F595B2DD}.Release|Any CPU.ActiveCfg = Release|Any CPU
		{10A8AAA6-9491-4D4A-B6F8-B0A5F595B2DD}.Release|Any CPU.Build.0 = Release|Any CPU
		{EEBED0C6-9656-4BDB-96E5-757209E3E52A}.Debug|Any CPU.ActiveCfg = Debug|Any CPU
		{EEBED0C6-9656-4BDB-96E5-757209E3E52A}.Debug|Any CPU.Build.0 = Debug|Any CPU
		{EEBED0C6-9656-4BDB-96E5-757209E3E52A}.Release|Any CPU.ActiveCfg = Release|Any CPU
		{EEBED0C6-9656-4BDB-96E5-757209E3E52A}.Release|Any CPU.Build.0 = Release|Any CPU
		{5FCCAFCA-BAF0-4896-937C-D740B2C8FFFB}.Debug|Any CPU.ActiveCfg = Debug|Any CPU
		{5FCCAFCA-BAF0-4896-937C-D740B2C8FFFB}.Debug|Any CPU.Build.0 = Debug|Any CPU
		{5FCCAFCA-BAF0-4896-937C-D740B2C8FFFB}.Release|Any CPU.ActiveCfg = Release|Any CPU
		{5FCCAFCA-BAF0-4896-937C-D740B2C8FFFB}.Release|Any CPU.Build.0 = Release|Any CPU
		{4E99118B-FF76-4E72-9749-1B863AB7B4D6}.Debug|Any CPU.ActiveCfg = Debug|Any CPU
		{4E99118B-FF76-4E72-9749-1B863AB7B4D6}.Debug|Any CPU.Build.0 = Debug|Any CPU
		{4E99118B-FF76-4E72-9749-1B863AB7B4D6}.Release|Any CPU.ActiveCfg = Release|Any CPU
		{4E99118B-FF76-4E72-9749-1B863AB7B4D6}.Release|Any CPU.Build.0 = Release|Any CPU
		{B65A150A-8834-4CC1-A855-194F5A4A8042}.Debug|Any CPU.ActiveCfg = Debug|Any CPU
		{B65A150A-8834-4CC1-A855-194F5A4A8042}.Debug|Any CPU.Build.0 = Debug|Any CPU
		{B65A150A-8834-4CC1-A855-194F5A4A8042}.Release|Any CPU.ActiveCfg = Release|Any CPU
		{B65A150A-8834-4CC1-A855-194F5A4A8042}.Release|Any CPU.Build.0 = Release|Any CPU
		{51B46A71-77DE-4F05-BB59-357A54C67616}.Debug|Any CPU.ActiveCfg = Debug|Any CPU
		{51B46A71-77DE-4F05-BB59-357A54C67616}.Debug|Any CPU.Build.0 = Debug|Any CPU
		{51B46A71-77DE-4F05-BB59-357A54C67616}.Release|Any CPU.ActiveCfg = Release|Any CPU
		{51B46A71-77DE-4F05-BB59-357A54C67616}.Release|Any CPU.Build.0 = Release|Any CPU
		{C7F9C621-4BA3-4F0E-A4BA-E79D1E53970D}.Debug|Any CPU.ActiveCfg = Debug|Any CPU
		{C7F9C621-4BA3-4F0E-A4BA-E79D1E53970D}.Debug|Any CPU.Build.0 = Debug|Any CPU
		{C7F9C621-4BA3-4F0E-A4BA-E79D1E53970D}.Release|Any CPU.ActiveCfg = Release|Any CPU
		{C7F9C621-4BA3-4F0E-A4BA-E79D1E53970D}.Release|Any CPU.Build.0 = Release|Any CPU
		{EFFDB223-E298-45A9-903A-A5DE8FF05D1F}.Debug|Any CPU.ActiveCfg = Debug|Any CPU
		{EFFDB223-E298-45A9-903A-A5DE8FF05D1F}.Debug|Any CPU.Build.0 = Debug|Any CPU
		{EFFDB223-E298-45A9-903A-A5DE8FF05D1F}.Release|Any CPU.ActiveCfg = Release|Any CPU
		{EFFDB223-E298-45A9-903A-A5DE8FF05D1F}.Release|Any CPU.Build.0 = Release|Any CPU
		{AA7A5522-C6CA-46F3-83F9-C9B5BE422D97}.Debug|Any CPU.ActiveCfg = Debug|Any CPU
		{AA7A5522-C6CA-46F3-83F9-C9B5BE422D97}.Debug|Any CPU.Build.0 = Debug|Any CPU
		{AA7A5522-C6CA-46F3-83F9-C9B5BE422D97}.Release|Any CPU.ActiveCfg = Release|Any CPU
		{AA7A5522-C6CA-46F3-83F9-C9B5BE422D97}.Release|Any CPU.Build.0 = Release|Any CPU
		{D035C699-66E8-45B6-9D1A-FCBDD4BAD65B}.Debug|Any CPU.ActiveCfg = Debug|Any CPU
		{D035C699-66E8-45B6-9D1A-FCBDD4BAD65B}.Debug|Any CPU.Build.0 = Debug|Any CPU
		{D035C699-66E8-45B6-9D1A-FCBDD4BAD65B}.Release|Any CPU.ActiveCfg = Release|Any CPU
		{D035C699-66E8-45B6-9D1A-FCBDD4BAD65B}.Release|Any CPU.Build.0 = Release|Any CPU
	EndGlobalSection
	GlobalSection(SolutionProperties) = preSolution
		HideSolutionNode = FALSE
	EndGlobalSection
	GlobalSection(ExtensibilityGlobals) = postSolution
		SolutionGuid = {38B5BD1E-E69D-4A7A-97F0-CBD7EC3A8AD7}
	EndGlobalSection
EndGlobal
